
Microsoft Visual Studio Solution File, Format Version 12.00
# Visual Studio Version 17
VisualStudioVersion = 17.2.32630.192
MinimumVisualStudioVersion = 10.0.40219.1
Project("{2150E333-8FDC-42A3-9474-1A3956D46DE8}") = "src", "src", "{4548B9DD-68AB-40A0-93C6-C5566FCD8C00}"
EndProject
Project("{2150E333-8FDC-42A3-9474-1A3956D46DE8}") = "Services", "Services", "{724AA4EA-F843-4470-965E-4985208B5290}"
EndProject
Project("{2150E333-8FDC-42A3-9474-1A3956D46DE8}") = "Authentication", "Authentication", "{4795EF70-A513-4F8E-A6B1-E70AC5023E4B}"
EndProject
Project("{2150E333-8FDC-42A3-9474-1A3956D46DE8}") = "Core", "Core", "{53AA7764-70CB-4BEC-8A03-CE729DE70DE2}"
EndProject
Project("{2150E333-8FDC-42A3-9474-1A3956D46DE8}") = "Infrastructure", "Infrastructure", "{8127199A-ADBB-44E7-9F56-9DBD4766F629}"
EndProject
Project("{2150E333-8FDC-42A3-9474-1A3956D46DE8}") = "Tests", "Tests", "{A6814B8B-FBA5-487D-BA1F-8FA5063C4791}"
EndProject
Project("{9A19103F-16F7-4668-BE54-9A1E7A4F7556}") = "Authentication.API", "Services\Authentication\Authentication.API\Authentication.API.csproj", "{B49DF2E4-CA74-4BAC-9DC8-66E8614B3002}"
EndProject
Project("{9A19103F-16F7-4668-BE54-9A1E7A4F7556}") = "Authentication.UnitTests", "Services\Authentication\Tests\Authentication.UnitTests\Authentication.UnitTests.csproj", "{15C7B924-302B-4315-BDB5-FE75306331D0}"
EndProject
Project("{9A19103F-16F7-4668-BE54-9A1E7A4F7556}") = "Authentication.Presentation", "Services\Authentication\Infrastructure\Authentication.Presentation\Authentication.Presentation.csproj", "{6BF183CC-7D68-480E-AF06-B423B6847EDC}"
EndProject
Project("{9A19103F-16F7-4668-BE54-9A1E7A4F7556}") = "Authentication.Persistence", "Services\Authentication\Infrastructure\Authentication.Persistence\Authentication.Persistence.csproj", "{69B7BA73-09A9-42A7-A4CF-CA8BC7ADDE2F}"
EndProject
Project("{9A19103F-16F7-4668-BE54-9A1E7A4F7556}") = "Authentication.Domain", "Services\Authentication\Core\Authtentication.Domain\Authentication.Domain.csproj", "{C6CCC5E3-3AE5-4016-A2AF-BD3B96D8537C}"
EndProject
Project("{9A19103F-16F7-4668-BE54-9A1E7A4F7556}") = "Authentication.Contracts", "Services\Authentication\Core\Authentication.Contracts\Authentication.Contracts.csproj", "{362937B3-B43A-4BEA-BCB6-A1354E002953}"
EndProject
Project("{9A19103F-16F7-4668-BE54-9A1E7A4F7556}") = "Authentication.Services.Abstraction", "Services\Authentication\Core\Authentication.Services.Abstraction\Authentication.Services.Abstraction.csproj", "{5B687D89-5986-4D79-9E80-A3F011823D1F}"
EndProject
Project("{9A19103F-16F7-4668-BE54-9A1E7A4F7556}") = "Authentication.Services", "Services\Authentication\Core\Authentication.Services\Authentication.Services.csproj", "{4D461029-01CE-4719-B20D-98B3443F4017}"
EndProject
Project("{2150E333-8FDC-42A3-9474-1A3956D46DE8}") = "Space", "Space", "{E65C1D53-9284-4A10-A31E-5E21248D8D5A}"
EndProject
Project("{9A19103F-16F7-4668-BE54-9A1E7A4F7556}") = "Space.API", "Services\Space\Space.API\Space.API.csproj", "{E1830FFC-B49B-42FC-91BA-8B19F1FABE4F}"
EndProject
Project("{2150E333-8FDC-42A3-9474-1A3956D46DE8}") = "Core", "Core", "{6B1255E3-12D5-4496-BE12-178C03D7C2A9}"
EndProject
Project("{2150E333-8FDC-42A3-9474-1A3956D46DE8}") = "Infrastructure", "Infrastructure", "{B4BDC03F-16D4-40C5-94D7-5421DAE8C7CB}"
EndProject
Project("{2150E333-8FDC-42A3-9474-1A3956D46DE8}") = "Tests", "Tests", "{1AF16FFE-BAE0-4688-BF0E-0DCDAE08CC22}"
EndProject
Project("{9A19103F-16F7-4668-BE54-9A1E7A4F7556}") = "Space.Domain", "Services\Space\Core\Space.Domain\Space.Domain.csproj", "{628DAB95-D325-47E6-84E0-877CA5FA2346}"
EndProject
Project("{9A19103F-16F7-4668-BE54-9A1E7A4F7556}") = "Space.Contracts", "Services\Space\Core\Space.Contracts\Space.Contracts.csproj", "{D861C7B5-C7BE-4E0F-9817-9621CE55937C}"
EndProject
Project("{9A19103F-16F7-4668-BE54-9A1E7A4F7556}") = "Space.Services", "Services\Space\Core\Space.Services\Space.Services.csproj", "{8949D201-181D-43AF-898F-0E776C00426B}"
EndProject
Project("{9A19103F-16F7-4668-BE54-9A1E7A4F7556}") = "Space.Services.Abstraction", "Services\Space\Core\Space.Services.Abstraction\Space.Services.Abstraction.csproj", "{7ACE9EFC-A846-4DC4-8D0E-B591EF90D9CC}"
EndProject
Project("{9A19103F-16F7-4668-BE54-9A1E7A4F7556}") = "Space.Persistence", "Services\Space\Infrastructure\Space.Persistence\Space.Persistence.csproj", "{12AE4339-680B-4E2C-A0AB-14B16086BAA4}"
EndProject
Project("{9A19103F-16F7-4668-BE54-9A1E7A4F7556}") = "Space.Presentation", "Services\Space\Infrastructure\Space.Presentation\Space.Presentation.csproj", "{BC3FA508-C2AA-476A-9E4F-80EB8229A6C1}"
EndProject
Project("{9A19103F-16F7-4668-BE54-9A1E7A4F7556}") = "Space.UnitTests", "Services\Space\Tests\Space.UnitTests\Space.UnitTests.csproj", "{B1F57D19-FB87-4D99-BE21-684262E11522}"
EndProject
Project("{9A19103F-16F7-4668-BE54-9A1E7A4F7556}") = "Space.Common", "Services\Space\Infrastructure\Space.Common\Space.Common.csproj", "{43E3691A-FD72-4786-9782-9759AB7D35C9}"
EndProject
Project("{2150E333-8FDC-42A3-9474-1A3956D46DE8}") = "EventBus", "EventBus", "{C78E1A7C-50BE-4D17-8753-DC3F63B000AF}"
EndProject
Project("{9A19103F-16F7-4668-BE54-9A1E7A4F7556}") = "EventBus.Core", "EventBus\EventBus.Core\EventBus.Core.csproj", "{B295C228-D921-4A75-AC87-9187F94A02D5}"
EndProject
Project("{9A19103F-16F7-4668-BE54-9A1E7A4F7556}") = "EventBus.RabbitMQ", "EventBus\EventBus.RabbitMQ\EventBus.RabbitMQ.csproj", "{57A4F221-A3FC-4B7F-A0C2-BD0AA5E14E97}"
EndProject
Project("{FAE04EC0-301F-11D3-BF4B-00C04F79EFBC}") = "Authentication.IntegrationEvents", "Services\Authentication\Infrastructure\Authentication.IntegrationEvents\Authentication.IntegrationEvents.csproj", "{3AAA25E1-0060-4073-8C9D-A363BF1B8F4B}"
EndProject
Project("{9A19103F-16F7-4668-BE54-9A1E7A4F7556}") = "Space.IntegrationEvents", "Services\Space\Infrastructure\Space.IntegrationEvents\Space.IntegrationEvents.csproj", "{A1928213-14A0-41AD-9F96-3D4ED8A4C6D8}"
EndProject
Global
	GlobalSection(SolutionConfigurationPlatforms) = preSolution
		Debug|Any CPU = Debug|Any CPU
		Release|Any CPU = Release|Any CPU
	EndGlobalSection
	GlobalSection(ProjectConfigurationPlatforms) = postSolution
		{B49DF2E4-CA74-4BAC-9DC8-66E8614B3002}.Debug|Any CPU.ActiveCfg = Debug|Any CPU
		{B49DF2E4-CA74-4BAC-9DC8-66E8614B3002}.Debug|Any CPU.Build.0 = Debug|Any CPU
		{B49DF2E4-CA74-4BAC-9DC8-66E8614B3002}.Release|Any CPU.ActiveCfg = Release|Any CPU
		{B49DF2E4-CA74-4BAC-9DC8-66E8614B3002}.Release|Any CPU.Build.0 = Release|Any CPU
		{15C7B924-302B-4315-BDB5-FE75306331D0}.Debug|Any CPU.ActiveCfg = Debug|Any CPU
		{15C7B924-302B-4315-BDB5-FE75306331D0}.Debug|Any CPU.Build.0 = Debug|Any CPU
		{15C7B924-302B-4315-BDB5-FE75306331D0}.Release|Any CPU.ActiveCfg = Release|Any CPU
		{15C7B924-302B-4315-BDB5-FE75306331D0}.Release|Any CPU.Build.0 = Release|Any CPU
		{6BF183CC-7D68-480E-AF06-B423B6847EDC}.Debug|Any CPU.ActiveCfg = Debug|Any CPU
		{6BF183CC-7D68-480E-AF06-B423B6847EDC}.Debug|Any CPU.Build.0 = Debug|Any CPU
		{6BF183CC-7D68-480E-AF06-B423B6847EDC}.Release|Any CPU.ActiveCfg = Release|Any CPU
		{6BF183CC-7D68-480E-AF06-B423B6847EDC}.Release|Any CPU.Build.0 = Release|Any CPU
		{69B7BA73-09A9-42A7-A4CF-CA8BC7ADDE2F}.Debug|Any CPU.ActiveCfg = Debug|Any CPU
		{69B7BA73-09A9-42A7-A4CF-CA8BC7ADDE2F}.Debug|Any CPU.Build.0 = Debug|Any CPU
		{69B7BA73-09A9-42A7-A4CF-CA8BC7ADDE2F}.Release|Any CPU.ActiveCfg = Release|Any CPU
		{69B7BA73-09A9-42A7-A4CF-CA8BC7ADDE2F}.Release|Any CPU.Build.0 = Release|Any CPU
		{C6CCC5E3-3AE5-4016-A2AF-BD3B96D8537C}.Debug|Any CPU.ActiveCfg = Debug|Any CPU
		{C6CCC5E3-3AE5-4016-A2AF-BD3B96D8537C}.Debug|Any CPU.Build.0 = Debug|Any CPU
		{C6CCC5E3-3AE5-4016-A2AF-BD3B96D8537C}.Release|Any CPU.ActiveCfg = Release|Any CPU
		{C6CCC5E3-3AE5-4016-A2AF-BD3B96D8537C}.Release|Any CPU.Build.0 = Release|Any CPU
		{362937B3-B43A-4BEA-BCB6-A1354E002953}.Debug|Any CPU.ActiveCfg = Debug|Any CPU
		{362937B3-B43A-4BEA-BCB6-A1354E002953}.Debug|Any CPU.Build.0 = Debug|Any CPU
		{362937B3-B43A-4BEA-BCB6-A1354E002953}.Release|Any CPU.ActiveCfg = Release|Any CPU
		{362937B3-B43A-4BEA-BCB6-A1354E002953}.Release|Any CPU.Build.0 = Release|Any CPU
		{5B687D89-5986-4D79-9E80-A3F011823D1F}.Debug|Any CPU.ActiveCfg = Debug|Any CPU
		{5B687D89-5986-4D79-9E80-A3F011823D1F}.Debug|Any CPU.Build.0 = Debug|Any CPU
		{5B687D89-5986-4D79-9E80-A3F011823D1F}.Release|Any CPU.ActiveCfg = Release|Any CPU
		{5B687D89-5986-4D79-9E80-A3F011823D1F}.Release|Any CPU.Build.0 = Release|Any CPU
		{4D461029-01CE-4719-B20D-98B3443F4017}.Debug|Any CPU.ActiveCfg = Debug|Any CPU
		{4D461029-01CE-4719-B20D-98B3443F4017}.Debug|Any CPU.Build.0 = Debug|Any CPU
		{4D461029-01CE-4719-B20D-98B3443F4017}.Release|Any CPU.ActiveCfg = Release|Any CPU
		{4D461029-01CE-4719-B20D-98B3443F4017}.Release|Any CPU.Build.0 = Release|Any CPU
		{E1830FFC-B49B-42FC-91BA-8B19F1FABE4F}.Debug|Any CPU.ActiveCfg = Debug|Any CPU
		{E1830FFC-B49B-42FC-91BA-8B19F1FABE4F}.Debug|Any CPU.Build.0 = Debug|Any CPU
		{E1830FFC-B49B-42FC-91BA-8B19F1FABE4F}.Release|Any CPU.ActiveCfg = Release|Any CPU
		{E1830FFC-B49B-42FC-91BA-8B19F1FABE4F}.Release|Any CPU.Build.0 = Release|Any CPU
		{628DAB95-D325-47E6-84E0-877CA5FA2346}.Debug|Any CPU.ActiveCfg = Debug|Any CPU
		{628DAB95-D325-47E6-84E0-877CA5FA2346}.Debug|Any CPU.Build.0 = Debug|Any CPU
		{628DAB95-D325-47E6-84E0-877CA5FA2346}.Release|Any CPU.ActiveCfg = Release|Any CPU
		{628DAB95-D325-47E6-84E0-877CA5FA2346}.Release|Any CPU.Build.0 = Release|Any CPU
		{D861C7B5-C7BE-4E0F-9817-9621CE55937C}.Debug|Any CPU.ActiveCfg = Debug|Any CPU
		{D861C7B5-C7BE-4E0F-9817-9621CE55937C}.Debug|Any CPU.Build.0 = Debug|Any CPU
		{D861C7B5-C7BE-4E0F-9817-9621CE55937C}.Release|Any CPU.ActiveCfg = Release|Any CPU
		{D861C7B5-C7BE-4E0F-9817-9621CE55937C}.Release|Any CPU.Build.0 = Release|Any CPU
		{8949D201-181D-43AF-898F-0E776C00426B}.Debug|Any CPU.ActiveCfg = Debug|Any CPU
		{8949D201-181D-43AF-898F-0E776C00426B}.Debug|Any CPU.Build.0 = Debug|Any CPU
		{8949D201-181D-43AF-898F-0E776C00426B}.Release|Any CPU.ActiveCfg = Release|Any CPU
		{8949D201-181D-43AF-898F-0E776C00426B}.Release|Any CPU.Build.0 = Release|Any CPU
		{7ACE9EFC-A846-4DC4-8D0E-B591EF90D9CC}.Debug|Any CPU.ActiveCfg = Debug|Any CPU
		{7ACE9EFC-A846-4DC4-8D0E-B591EF90D9CC}.Debug|Any CPU.Build.0 = Debug|Any CPU
		{7ACE9EFC-A846-4DC4-8D0E-B591EF90D9CC}.Release|Any CPU.ActiveCfg = Release|Any CPU
		{7ACE9EFC-A846-4DC4-8D0E-B591EF90D9CC}.Release|Any CPU.Build.0 = Release|Any CPU
		{12AE4339-680B-4E2C-A0AB-14B16086BAA4}.Debug|Any CPU.ActiveCfg = Debug|Any CPU
		{12AE4339-680B-4E2C-A0AB-14B16086BAA4}.Debug|Any CPU.Build.0 = Debug|Any CPU
		{12AE4339-680B-4E2C-A0AB-14B16086BAA4}.Release|Any CPU.ActiveCfg = Release|Any CPU
		{12AE4339-680B-4E2C-A0AB-14B16086BAA4}.Release|Any CPU.Build.0 = Release|Any CPU
		{BC3FA508-C2AA-476A-9E4F-80EB8229A6C1}.Debug|Any CPU.ActiveCfg = Debug|Any CPU
		{BC3FA508-C2AA-476A-9E4F-80EB8229A6C1}.Debug|Any CPU.Build.0 = Debug|Any CPU
		{BC3FA508-C2AA-476A-9E4F-80EB8229A6C1}.Release|Any CPU.ActiveCfg = Release|Any CPU
		{BC3FA508-C2AA-476A-9E4F-80EB8229A6C1}.Release|Any CPU.Build.0 = Release|Any CPU
		{B1F57D19-FB87-4D99-BE21-684262E11522}.Debug|Any CPU.ActiveCfg = Debug|Any CPU
		{B1F57D19-FB87-4D99-BE21-684262E11522}.Debug|Any CPU.Build.0 = Debug|Any CPU
		{B1F57D19-FB87-4D99-BE21-684262E11522}.Release|Any CPU.ActiveCfg = Release|Any CPU
		{B1F57D19-FB87-4D99-BE21-684262E11522}.Release|Any CPU.Build.0 = Release|Any CPU
		{43E3691A-FD72-4786-9782-9759AB7D35C9}.Debug|Any CPU.ActiveCfg = Debug|Any CPU
		{43E3691A-FD72-4786-9782-9759AB7D35C9}.Debug|Any CPU.Build.0 = Debug|Any CPU
		{43E3691A-FD72-4786-9782-9759AB7D35C9}.Release|Any CPU.ActiveCfg = Release|Any CPU
		{43E3691A-FD72-4786-9782-9759AB7D35C9}.Release|Any CPU.Build.0 = Release|Any CPU
		{B295C228-D921-4A75-AC87-9187F94A02D5}.Debug|Any CPU.ActiveCfg = Debug|Any CPU
		{B295C228-D921-4A75-AC87-9187F94A02D5}.Debug|Any CPU.Build.0 = Debug|Any CPU
		{B295C228-D921-4A75-AC87-9187F94A02D5}.Release|Any CPU.ActiveCfg = Release|Any CPU
		{B295C228-D921-4A75-AC87-9187F94A02D5}.Release|Any CPU.Build.0 = Release|Any CPU
		{57A4F221-A3FC-4B7F-A0C2-BD0AA5E14E97}.Debug|Any CPU.ActiveCfg = Debug|Any CPU
		{57A4F221-A3FC-4B7F-A0C2-BD0AA5E14E97}.Debug|Any CPU.Build.0 = Debug|Any CPU
		{57A4F221-A3FC-4B7F-A0C2-BD0AA5E14E97}.Release|Any CPU.ActiveCfg = Release|Any CPU
		{57A4F221-A3FC-4B7F-A0C2-BD0AA5E14E97}.Release|Any CPU.Build.0 = Release|Any CPU
		{3AAA25E1-0060-4073-8C9D-A363BF1B8F4B}.Debug|Any CPU.ActiveCfg = Debug|Any CPU
		{3AAA25E1-0060-4073-8C9D-A363BF1B8F4B}.Debug|Any CPU.Build.0 = Debug|Any CPU
		{3AAA25E1-0060-4073-8C9D-A363BF1B8F4B}.Release|Any CPU.ActiveCfg = Release|Any CPU
		{3AAA25E1-0060-4073-8C9D-A363BF1B8F4B}.Release|Any CPU.Build.0 = Release|Any CPU
		{A1928213-14A0-41AD-9F96-3D4ED8A4C6D8}.Debug|Any CPU.ActiveCfg = Debug|Any CPU
		{A1928213-14A0-41AD-9F96-3D4ED8A4C6D8}.Debug|Any CPU.Build.0 = Debug|Any CPU
		{A1928213-14A0-41AD-9F96-3D4ED8A4C6D8}.Release|Any CPU.ActiveCfg = Release|Any CPU
		{A1928213-14A0-41AD-9F96-3D4ED8A4C6D8}.Release|Any CPU.Build.0 = Release|Any CPU
	EndGlobalSection
	GlobalSection(SolutionProperties) = preSolution
		HideSolutionNode = FALSE
	EndGlobalSection
	GlobalSection(NestedProjects) = preSolution
		{724AA4EA-F843-4470-965E-4985208B5290} = {4548B9DD-68AB-40A0-93C6-C5566FCD8C00}
		{4795EF70-A513-4F8E-A6B1-E70AC5023E4B} = {724AA4EA-F843-4470-965E-4985208B5290}
		{53AA7764-70CB-4BEC-8A03-CE729DE70DE2} = {4795EF70-A513-4F8E-A6B1-E70AC5023E4B}
		{8127199A-ADBB-44E7-9F56-9DBD4766F629} = {4795EF70-A513-4F8E-A6B1-E70AC5023E4B}
		{A6814B8B-FBA5-487D-BA1F-8FA5063C4791} = {4795EF70-A513-4F8E-A6B1-E70AC5023E4B}
		{B49DF2E4-CA74-4BAC-9DC8-66E8614B3002} = {4795EF70-A513-4F8E-A6B1-E70AC5023E4B}
		{15C7B924-302B-4315-BDB5-FE75306331D0} = {A6814B8B-FBA5-487D-BA1F-8FA5063C4791}
		{6BF183CC-7D68-480E-AF06-B423B6847EDC} = {8127199A-ADBB-44E7-9F56-9DBD4766F629}
		{69B7BA73-09A9-42A7-A4CF-CA8BC7ADDE2F} = {8127199A-ADBB-44E7-9F56-9DBD4766F629}
		{C6CCC5E3-3AE5-4016-A2AF-BD3B96D8537C} = {53AA7764-70CB-4BEC-8A03-CE729DE70DE2}
		{362937B3-B43A-4BEA-BCB6-A1354E002953} = {53AA7764-70CB-4BEC-8A03-CE729DE70DE2}
		{5B687D89-5986-4D79-9E80-A3F011823D1F} = {53AA7764-70CB-4BEC-8A03-CE729DE70DE2}
		{4D461029-01CE-4719-B20D-98B3443F4017} = {53AA7764-70CB-4BEC-8A03-CE729DE70DE2}
		{E65C1D53-9284-4A10-A31E-5E21248D8D5A} = {724AA4EA-F843-4470-965E-4985208B5290}
		{E1830FFC-B49B-42FC-91BA-8B19F1FABE4F} = {E65C1D53-9284-4A10-A31E-5E21248D8D5A}
		{6B1255E3-12D5-4496-BE12-178C03D7C2A9} = {E65C1D53-9284-4A10-A31E-5E21248D8D5A}
		{B4BDC03F-16D4-40C5-94D7-5421DAE8C7CB} = {E65C1D53-9284-4A10-A31E-5E21248D8D5A}
		{1AF16FFE-BAE0-4688-BF0E-0DCDAE08CC22} = {E65C1D53-9284-4A10-A31E-5E21248D8D5A}
		{628DAB95-D325-47E6-84E0-877CA5FA2346} = {6B1255E3-12D5-4496-BE12-178C03D7C2A9}
		{D861C7B5-C7BE-4E0F-9817-9621CE55937C} = {6B1255E3-12D5-4496-BE12-178C03D7C2A9}
		{8949D201-181D-43AF-898F-0E776C00426B} = {6B1255E3-12D5-4496-BE12-178C03D7C2A9}
		{7ACE9EFC-A846-4DC4-8D0E-B591EF90D9CC} = {6B1255E3-12D5-4496-BE12-178C03D7C2A9}
		{12AE4339-680B-4E2C-A0AB-14B16086BAA4} = {B4BDC03F-16D4-40C5-94D7-5421DAE8C7CB}
		{BC3FA508-C2AA-476A-9E4F-80EB8229A6C1} = {B4BDC03F-16D4-40C5-94D7-5421DAE8C7CB}
		{B1F57D19-FB87-4D99-BE21-684262E11522} = {1AF16FFE-BAE0-4688-BF0E-0DCDAE08CC22}
		{43E3691A-FD72-4786-9782-9759AB7D35C9} = {B4BDC03F-16D4-40C5-94D7-5421DAE8C7CB}
		{C78E1A7C-50BE-4D17-8753-DC3F63B000AF} = {4548B9DD-68AB-40A0-93C6-C5566FCD8C00}
		{B295C228-D921-4A75-AC87-9187F94A02D5} = {C78E1A7C-50BE-4D17-8753-DC3F63B000AF}
		{57A4F221-A3FC-4B7F-A0C2-BD0AA5E14E97} = {C78E1A7C-50BE-4D17-8753-DC3F63B000AF}
		{3AAA25E1-0060-4073-8C9D-A363BF1B8F4B} = {8127199A-ADBB-44E7-9F56-9DBD4766F629}
		{A1928213-14A0-41AD-9F96-3D4ED8A4C6D8} = {B4BDC03F-16D4-40C5-94D7-5421DAE8C7CB}
	EndGlobalSection
	GlobalSection(ExtensibilityGlobals) = postSolution
		SolutionGuid = {DDC09963-D1D6-41FD-8109-7391429CB4C6}
	EndGlobalSection
EndGlobal
