
Microsoft Visual Studio Solution File, Format Version 12.00
# Visual Studio Version 17
VisualStudioVersion = 17.2.32630.192
MinimumVisualStudioVersion = 10.0.40219.1
Project("{2150E333-8FDC-42A3-9474-1A3956D46DE8}") = "src", "src", "{4548B9DD-68AB-40A0-93C6-C5566FCD8C00}"
EndProject
Project("{2150E333-8FDC-42A3-9474-1A3956D46DE8}") = "Services", "Services", "{724AA4EA-F843-4470-965E-4985208B5290}"
EndProject
Project("{2150E333-8FDC-42A3-9474-1A3956D46DE8}") = "Authentication", "Authentication", "{4795EF70-A513-4F8E-A6B1-E70AC5023E4B}"
EndProject
Project("{2150E333-8FDC-42A3-9474-1A3956D46DE8}") = "Tests", "Tests", "{A6814B8B-FBA5-487D-BA1F-8FA5063C4791}"
EndProject
Project("{9A19103F-16F7-4668-BE54-9A1E7A4F7556}") = "Authentication.API", "Services\Authentication\Authentication.API\Authentication.API.csproj", "{B49DF2E4-CA74-4BAC-9DC8-66E8614B3002}"
EndProject
Project("{9A19103F-16F7-4668-BE54-9A1E7A4F7556}") = "Authentication.UnitTests", "Services\Authentication\Tests\Authentication.UnitTests\Authentication.UnitTests.csproj", "{15C7B924-302B-4315-BDB5-FE75306331D0}"
EndProject
Project("{2150E333-8FDC-42A3-9474-1A3956D46DE8}") = "Core", "Core", "{6B1255E3-12D5-4496-BE12-178C03D7C2A9}"
EndProject
Project("{2150E333-8FDC-42A3-9474-1A3956D46DE8}") = "Infrastructure", "Infrastructure", "{B4BDC03F-16D4-40C5-94D7-5421DAE8C7CB}"
EndProject
Project("{2150E333-8FDC-42A3-9474-1A3956D46DE8}") = "Tests", "Tests", "{1AF16FFE-BAE0-4688-BF0E-0DCDAE08CC22}"
EndProject
Project("{2150E333-8FDC-42A3-9474-1A3956D46DE8}") = "EventBus", "EventBus", "{C78E1A7C-50BE-4D17-8753-DC3F63B000AF}"
EndProject
Project("{9A19103F-16F7-4668-BE54-9A1E7A4F7556}") = "EventBus.Core", "EventBus\EventBus.Core\EventBus.Core.csproj", "{B295C228-D921-4A75-AC87-9187F94A02D5}"
EndProject
Project("{9A19103F-16F7-4668-BE54-9A1E7A4F7556}") = "EventBus.RabbitMQ", "EventBus\EventBus.RabbitMQ\EventBus.RabbitMQ.csproj", "{57A4F221-A3FC-4B7F-A0C2-BD0AA5E14E97}"
EndProject
Project("{2150E333-8FDC-42A3-9474-1A3956D46DE8}") = "Application", "Application", "{70B214ED-4376-40D7-8840-2CD163ED6D04}"
EndProject
Project("{2150E333-8FDC-42A3-9474-1A3956D46DE8}") = "Chat", "Chat", "{1E77EAAD-3603-4298-9410-EE643E1EDDEB}"
EndProject
Project("{9A19103F-16F7-4668-BE54-9A1E7A4F7556}") = "Chat.API", "Services\Chat\Chat.API\Chat.API.csproj", "{E14E77E4-594D-42B8-9C3A-E267602C4FCD}"
EndProject
Project("{2150E333-8FDC-42A3-9474-1A3956D46DE8}") = "Tests", "Tests", "{A48304F9-008B-4457-B71A-5C9A104511E9}"
EndProject
Project("{9A19103F-16F7-4668-BE54-9A1E7A4F7556}") = "Chat.Domain", "Services\Chat\Chat.Domain\Chat.Domain.csproj", "{C65BB99B-82FA-4858-92A0-B062BA8C9F24}"
EndProject
Project("{9A19103F-16F7-4668-BE54-9A1E7A4F7556}") = "Chat.Infrastructure", "Services\Chat\Chat.Infrastructure\Chat.Infrastructure.csproj", "{F9BAC868-81AF-4E43-83F3-58B707E5CF9B}"
EndProject
Project("{9A19103F-16F7-4668-BE54-9A1E7A4F7556}") = "Chat.Application", "Services\Chat\Chat.Application\Chat.Application.csproj", "{12277791-4BDF-4706-AEC9-5CC93FF67CC4}"
EndProject
Project("{9A19103F-16F7-4668-BE54-9A1E7A4F7556}") = "Chat.UnitTests", "Services\Chat\Tests\Chat.UnitTests\Chat.UnitTests.csproj", "{5CB92BD5-CD32-469A-99B5-12BC636111F4}"
EndProject
Project("{9A19103F-16F7-4668-BE54-9A1E7A4F7556}") = "Authentication.Core", "Services\Authentication\Authentication.Core\Authentication.Core.csproj", "{0650B718-A3F5-4713-A49F-A5B996ACB8C2}"
EndProject
Project("{9A19103F-16F7-4668-BE54-9A1E7A4F7556}") = "Authentication.Infrastructure", "Services\Authentication\Authentication.Infrastructure\Authentication.Infrastructure.csproj", "{5492F996-BE8D-43AF-9F99-72AF9D66AD29}"
EndProject
Project("{2150E333-8FDC-42A3-9474-1A3956D46DE8}") = "Archive", "Archive", "{F353D9F9-60E0-45DC-9769-7B2161820C1B}"
EndProject
Project("{2150E333-8FDC-42A3-9474-1A3956D46DE8}") = "Services", "Services", "{4AA3DEE7-C8E6-4CD2-AD33-6D4EC222770C}"
EndProject
Global
	GlobalSection(SolutionConfigurationPlatforms) = preSolution
		Debug|Any CPU = Debug|Any CPU
		Release|Any CPU = Release|Any CPU
	EndGlobalSection
	GlobalSection(ProjectConfigurationPlatforms) = postSolution
		{B49DF2E4-CA74-4BAC-9DC8-66E8614B3002}.Debug|Any CPU.ActiveCfg = Debug|Any CPU
		{B49DF2E4-CA74-4BAC-9DC8-66E8614B3002}.Debug|Any CPU.Build.0 = Debug|Any CPU
		{B49DF2E4-CA74-4BAC-9DC8-66E8614B3002}.Release|Any CPU.ActiveCfg = Release|Any CPU
		{B49DF2E4-CA74-4BAC-9DC8-66E8614B3002}.Release|Any CPU.Build.0 = Release|Any CPU
		{15C7B924-302B-4315-BDB5-FE75306331D0}.Debug|Any CPU.ActiveCfg = Debug|Any CPU
		{15C7B924-302B-4315-BDB5-FE75306331D0}.Debug|Any CPU.Build.0 = Debug|Any CPU
		{15C7B924-302B-4315-BDB5-FE75306331D0}.Release|Any CPU.ActiveCfg = Release|Any CPU
		{15C7B924-302B-4315-BDB5-FE75306331D0}.Release|Any CPU.Build.0 = Release|Any CPU
		{E1830FFC-B49B-42FC-91BA-8B19F1FABE4F}.Debug|Any CPU.ActiveCfg = Debug|Any CPU
		{E1830FFC-B49B-42FC-91BA-8B19F1FABE4F}.Debug|Any CPU.Build.0 = Debug|Any CPU
		{E1830FFC-B49B-42FC-91BA-8B19F1FABE4F}.Release|Any CPU.ActiveCfg = Release|Any CPU
		{E1830FFC-B49B-42FC-91BA-8B19F1FABE4F}.Release|Any CPU.Build.0 = Release|Any CPU
		{7ACE9EFC-A846-4DC4-8D0E-B591EF90D9CC}.Debug|Any CPU.ActiveCfg = Debug|Any CPU
		{7ACE9EFC-A846-4DC4-8D0E-B591EF90D9CC}.Debug|Any CPU.Build.0 = Debug|Any CPU
		{7ACE9EFC-A846-4DC4-8D0E-B591EF90D9CC}.Release|Any CPU.ActiveCfg = Release|Any CPU
		{7ACE9EFC-A846-4DC4-8D0E-B591EF90D9CC}.Release|Any CPU.Build.0 = Release|Any CPU
		{12AE4339-680B-4E2C-A0AB-14B16086BAA4}.Debug|Any CPU.ActiveCfg = Debug|Any CPU
		{12AE4339-680B-4E2C-A0AB-14B16086BAA4}.Debug|Any CPU.Build.0 = Debug|Any CPU
		{12AE4339-680B-4E2C-A0AB-14B16086BAA4}.Release|Any CPU.ActiveCfg = Release|Any CPU
		{12AE4339-680B-4E2C-A0AB-14B16086BAA4}.Release|Any CPU.Build.0 = Release|Any CPU
		{B1F57D19-FB87-4D99-BE21-684262E11522}.Debug|Any CPU.ActiveCfg = Debug|Any CPU
		{B1F57D19-FB87-4D99-BE21-684262E11522}.Debug|Any CPU.Build.0 = Debug|Any CPU
		{B1F57D19-FB87-4D99-BE21-684262E11522}.Release|Any CPU.ActiveCfg = Release|Any CPU
		{B1F57D19-FB87-4D99-BE21-684262E11522}.Release|Any CPU.Build.0 = Release|Any CPU
		{43E3691A-FD72-4786-9782-9759AB7D35C9}.Debug|Any CPU.ActiveCfg = Debug|Any CPU
		{43E3691A-FD72-4786-9782-9759AB7D35C9}.Debug|Any CPU.Build.0 = Debug|Any CPU
		{43E3691A-FD72-4786-9782-9759AB7D35C9}.Release|Any CPU.ActiveCfg = Release|Any CPU
		{43E3691A-FD72-4786-9782-9759AB7D35C9}.Release|Any CPU.Build.0 = Release|Any CPU
		{B295C228-D921-4A75-AC87-9187F94A02D5}.Debug|Any CPU.ActiveCfg = Debug|Any CPU
		{B295C228-D921-4A75-AC87-9187F94A02D5}.Debug|Any CPU.Build.0 = Debug|Any CPU
		{B295C228-D921-4A75-AC87-9187F94A02D5}.Release|Any CPU.ActiveCfg = Release|Any CPU
		{B295C228-D921-4A75-AC87-9187F94A02D5}.Release|Any CPU.Build.0 = Release|Any CPU
		{57A4F221-A3FC-4B7F-A0C2-BD0AA5E14E97}.Debug|Any CPU.ActiveCfg = Debug|Any CPU
		{57A4F221-A3FC-4B7F-A0C2-BD0AA5E14E97}.Debug|Any CPU.Build.0 = Debug|Any CPU
		{57A4F221-A3FC-4B7F-A0C2-BD0AA5E14E97}.Release|Any CPU.ActiveCfg = Release|Any CPU
		{57A4F221-A3FC-4B7F-A0C2-BD0AA5E14E97}.Release|Any CPU.Build.0 = Release|Any CPU
		{F73F38DA-6074-4416-9B1A-514C64E9CB08}.Debug|Any CPU.ActiveCfg = Debug|Any CPU
		{F73F38DA-6074-4416-9B1A-514C64E9CB08}.Debug|Any CPU.Build.0 = Debug|Any CPU
		{F73F38DA-6074-4416-9B1A-514C64E9CB08}.Release|Any CPU.ActiveCfg = Release|Any CPU
		{F73F38DA-6074-4416-9B1A-514C64E9CB08}.Release|Any CPU.Build.0 = Release|Any CPU
		{F419D92C-5E7D-446C-BA86-37E3F59EA497}.Debug|Any CPU.ActiveCfg = Debug|Any CPU
		{F419D92C-5E7D-446C-BA86-37E3F59EA497}.Debug|Any CPU.Build.0 = Debug|Any CPU
		{F419D92C-5E7D-446C-BA86-37E3F59EA497}.Release|Any CPU.ActiveCfg = Release|Any CPU
		{F419D92C-5E7D-446C-BA86-37E3F59EA497}.Release|Any CPU.Build.0 = Release|Any CPU
		{E14E77E4-594D-42B8-9C3A-E267602C4FCD}.Debug|Any CPU.ActiveCfg = Debug|Any CPU
		{E14E77E4-594D-42B8-9C3A-E267602C4FCD}.Debug|Any CPU.Build.0 = Debug|Any CPU
		{E14E77E4-594D-42B8-9C3A-E267602C4FCD}.Release|Any CPU.ActiveCfg = Release|Any CPU
		{E14E77E4-594D-42B8-9C3A-E267602C4FCD}.Release|Any CPU.Build.0 = Release|Any CPU
		{C65BB99B-82FA-4858-92A0-B062BA8C9F24}.Debug|Any CPU.ActiveCfg = Debug|Any CPU
		{C65BB99B-82FA-4858-92A0-B062BA8C9F24}.Debug|Any CPU.Build.0 = Debug|Any CPU
		{C65BB99B-82FA-4858-92A0-B062BA8C9F24}.Release|Any CPU.ActiveCfg = Release|Any CPU
		{C65BB99B-82FA-4858-92A0-B062BA8C9F24}.Release|Any CPU.Build.0 = Release|Any CPU
		{F9BAC868-81AF-4E43-83F3-58B707E5CF9B}.Debug|Any CPU.ActiveCfg = Debug|Any CPU
		{F9BAC868-81AF-4E43-83F3-58B707E5CF9B}.Debug|Any CPU.Build.0 = Debug|Any CPU
		{F9BAC868-81AF-4E43-83F3-58B707E5CF9B}.Release|Any CPU.ActiveCfg = Release|Any CPU
		{F9BAC868-81AF-4E43-83F3-58B707E5CF9B}.Release|Any CPU.Build.0 = Release|Any CPU
		{12277791-4BDF-4706-AEC9-5CC93FF67CC4}.Debug|Any CPU.ActiveCfg = Debug|Any CPU
		{12277791-4BDF-4706-AEC9-5CC93FF67CC4}.Debug|Any CPU.Build.0 = Debug|Any CPU
		{12277791-4BDF-4706-AEC9-5CC93FF67CC4}.Release|Any CPU.ActiveCfg = Release|Any CPU
		{12277791-4BDF-4706-AEC9-5CC93FF67CC4}.Release|Any CPU.Build.0 = Release|Any CPU
		{5CB92BD5-CD32-469A-99B5-12BC636111F4}.Debug|Any CPU.ActiveCfg = Debug|Any CPU
		{5CB92BD5-CD32-469A-99B5-12BC636111F4}.Debug|Any CPU.Build.0 = Debug|Any CPU
		{5CB92BD5-CD32-469A-99B5-12BC636111F4}.Release|Any CPU.ActiveCfg = Release|Any CPU
		{5CB92BD5-CD32-469A-99B5-12BC636111F4}.Release|Any CPU.Build.0 = Release|Any CPU
		{0650B718-A3F5-4713-A49F-A5B996ACB8C2}.Debug|Any CPU.ActiveCfg = Debug|Any CPU
		{0650B718-A3F5-4713-A49F-A5B996ACB8C2}.Debug|Any CPU.Build.0 = Debug|Any CPU
		{0650B718-A3F5-4713-A49F-A5B996ACB8C2}.Release|Any CPU.ActiveCfg = Release|Any CPU
		{0650B718-A3F5-4713-A49F-A5B996ACB8C2}.Release|Any CPU.Build.0 = Release|Any CPU
		{5492F996-BE8D-43AF-9F99-72AF9D66AD29}.Debug|Any CPU.ActiveCfg = Debug|Any CPU
		{5492F996-BE8D-43AF-9F99-72AF9D66AD29}.Debug|Any CPU.Build.0 = Debug|Any CPU
		{5492F996-BE8D-43AF-9F99-72AF9D66AD29}.Release|Any CPU.ActiveCfg = Release|Any CPU
		{5492F996-BE8D-43AF-9F99-72AF9D66AD29}.Release|Any CPU.Build.0 = Release|Any CPU
	EndGlobalSection
	GlobalSection(SolutionProperties) = preSolution
		HideSolutionNode = FALSE
	EndGlobalSection
	GlobalSection(NestedProjects) = preSolution
		{724AA4EA-F843-4470-965E-4985208B5290} = {4548B9DD-68AB-40A0-93C6-C5566FCD8C00}
		{4795EF70-A513-4F8E-A6B1-E70AC5023E4B} = {724AA4EA-F843-4470-965E-4985208B5290}
		{A6814B8B-FBA5-487D-BA1F-8FA5063C4791} = {4795EF70-A513-4F8E-A6B1-E70AC5023E4B}
		{B49DF2E4-CA74-4BAC-9DC8-66E8614B3002} = {4795EF70-A513-4F8E-A6B1-E70AC5023E4B}
		{15C7B924-302B-4315-BDB5-FE75306331D0} = {A6814B8B-FBA5-487D-BA1F-8FA5063C4791}
		{7ACE9EFC-A846-4DC4-8D0E-B591EF90D9CC} = {6B1255E3-12D5-4496-BE12-178C03D7C2A9}
		{12AE4339-680B-4E2C-A0AB-14B16086BAA4} = {B4BDC03F-16D4-40C5-94D7-5421DAE8C7CB}
		{B1F57D19-FB87-4D99-BE21-684262E11522} = {1AF16FFE-BAE0-4688-BF0E-0DCDAE08CC22}
		{43E3691A-FD72-4786-9782-9759AB7D35C9} = {B4BDC03F-16D4-40C5-94D7-5421DAE8C7CB}
		{C78E1A7C-50BE-4D17-8753-DC3F63B000AF} = {4548B9DD-68AB-40A0-93C6-C5566FCD8C00}
		{B295C228-D921-4A75-AC87-9187F94A02D5} = {C78E1A7C-50BE-4D17-8753-DC3F63B000AF}
		{57A4F221-A3FC-4B7F-A0C2-BD0AA5E14E97} = {C78E1A7C-50BE-4D17-8753-DC3F63B000AF}
		{F73F38DA-6074-4416-9B1A-514C64E9CB08} = {70B214ED-4376-40D7-8840-2CD163ED6D04}
		{F419D92C-5E7D-446C-BA86-37E3F59EA497} = {70B214ED-4376-40D7-8840-2CD163ED6D04}
		{1E77EAAD-3603-4298-9410-EE643E1EDDEB} = {724AA4EA-F843-4470-965E-4985208B5290}
		{E14E77E4-594D-42B8-9C3A-E267602C4FCD} = {1E77EAAD-3603-4298-9410-EE643E1EDDEB}
		{A48304F9-008B-4457-B71A-5C9A104511E9} = {1E77EAAD-3603-4298-9410-EE643E1EDDEB}
		{C65BB99B-82FA-4858-92A0-B062BA8C9F24} = {1E77EAAD-3603-4298-9410-EE643E1EDDEB}
		{F9BAC868-81AF-4E43-83F3-58B707E5CF9B} = {1E77EAAD-3603-4298-9410-EE643E1EDDEB}
		{12277791-4BDF-4706-AEC9-5CC93FF67CC4} = {1E77EAAD-3603-4298-9410-EE643E1EDDEB}
		{5CB92BD5-CD32-469A-99B5-12BC636111F4} = {A48304F9-008B-4457-B71A-5C9A104511E9}
		{0650B718-A3F5-4713-A49F-A5B996ACB8C2} = {4795EF70-A513-4F8E-A6B1-E70AC5023E4B}
		{5492F996-BE8D-43AF-9F99-72AF9D66AD29} = {4795EF70-A513-4F8E-A6B1-E70AC5023E4B}
		{F353D9F9-60E0-45DC-9769-7B2161820C1B} = {4548B9DD-68AB-40A0-93C6-C5566FCD8C00}
		{4AA3DEE7-C8E6-4CD2-AD33-6D4EC222770C} = {F353D9F9-60E0-45DC-9769-7B2161820C1B}
	EndGlobalSection
	GlobalSection(ExtensibilityGlobals) = postSolution
		SolutionGuid = {DDC09963-D1D6-41FD-8109-7391429CB4C6}
	EndGlobalSection
EndGlobal
