
Microsoft Visual Studio Solution File, Format Version 12.00
# Visual Studio Version 17
VisualStudioVersion = 17.2.32630.192
MinimumVisualStudioVersion = 10.0.40219.1
Project("{2150E333-8FDC-42A3-9474-1A3956D46DE8}") = "src", "src", "{4548B9DD-68AB-40A0-93C6-C5566FCD8C00}"
EndProject
Project("{2150E333-8FDC-42A3-9474-1A3956D46DE8}") = "Services", "Services", "{724AA4EA-F843-4470-965E-4985208B5290}"
EndProject
Project("{9A19103F-16F7-4668-BE54-9A1E7A4F7556}") = "Authentication.API", "Authentication.API\Authentication.API.csproj", "{E6214AFA-8973-4BEF-A87D-9886FE012A44}"
EndProject
Project("{2150E333-8FDC-42A3-9474-1A3956D46DE8}") = "Authentication", "Authentication", "{4795EF70-A513-4F8E-A6B1-E70AC5023E4B}"
EndProject
Project("{2150E333-8FDC-42A3-9474-1A3956D46DE8}") = "Core", "Core", "{53AA7764-70CB-4BEC-8A03-CE729DE70DE2}"
EndProject
Project("{2150E333-8FDC-42A3-9474-1A3956D46DE8}") = "Infrastructure", "Infrastructure", "{8127199A-ADBB-44E7-9F56-9DBD4766F629}"
EndProject
Project("{9A19103F-16F7-4668-BE54-9A1E7A4F7556}") = "Authentication.Domain", "Authtentication.Domain\Authentication.Domain.csproj", "{E9FB016C-07AB-433C-BC91-59840A6DC7E7}"
EndProject
Project("{9A19103F-16F7-4668-BE54-9A1E7A4F7556}") = "Authentication.Persistence", "Authentication.Persistence\Authentication.Persistence.csproj", "{0AA5B62C-56AF-4A71-B2AD-5A28C0223B27}"
EndProject
Project("{9A19103F-16F7-4668-BE54-9A1E7A4F7556}") = "Authentication.Services.Abstraction", "Authentication.Services.Abstraction\Authentication.Services.Abstraction.csproj", "{5AB86AC8-440A-4A2D-A426-E5A74EEC7D65}"
EndProject
Project("{9A19103F-16F7-4668-BE54-9A1E7A4F7556}") = "Authentication.Contracts", "Authentication.Contracts\Authentication.Contracts.csproj", "{7F6AEA65-8FA8-4F80-A4B6-B2BFD48C4AF1}"
EndProject
Project("{9A19103F-16F7-4668-BE54-9A1E7A4F7556}") = "Authentication.Services", "Authentication.Services\Authentication.Services.csproj", "{45EF563A-37AA-417E-B90B-F4C5F79ECD6C}"
EndProject
Project("{9A19103F-16F7-4668-BE54-9A1E7A4F7556}") = "Authentication.Presentation", "Authentication.Presentation\Authentication.Presentation.csproj", "{556F12AA-04A5-422C-BE71-2CD674C06CE4}"
EndProject
Project("{2150E333-8FDC-42A3-9474-1A3956D46DE8}") = "Tests", "Tests", "{A6814B8B-FBA5-487D-BA1F-8FA5063C4791}"
EndProject
Project("{FAE04EC0-301F-11D3-BF4B-00C04F79EFBC}") = "Authentication.UnitTests", "Authentication.UnitTests\Authentication.UnitTests.csproj", "{BB76245E-8DAF-4735-8A19-4EEC003367AF}"
EndProject
Global
	GlobalSection(SolutionConfigurationPlatforms) = preSolution
		Debug|Any CPU = Debug|Any CPU
		Release|Any CPU = Release|Any CPU
	EndGlobalSection
	GlobalSection(ProjectConfigurationPlatforms) = postSolution
		{E6214AFA-8973-4BEF-A87D-9886FE012A44}.Debug|Any CPU.ActiveCfg = Debug|Any CPU
		{E6214AFA-8973-4BEF-A87D-9886FE012A44}.Debug|Any CPU.Build.0 = Debug|Any CPU
		{E6214AFA-8973-4BEF-A87D-9886FE012A44}.Release|Any CPU.ActiveCfg = Release|Any CPU
		{E6214AFA-8973-4BEF-A87D-9886FE012A44}.Release|Any CPU.Build.0 = Release|Any CPU
		{E9FB016C-07AB-433C-BC91-59840A6DC7E7}.Debug|Any CPU.ActiveCfg = Debug|Any CPU
		{E9FB016C-07AB-433C-BC91-59840A6DC7E7}.Debug|Any CPU.Build.0 = Debug|Any CPU
		{E9FB016C-07AB-433C-BC91-59840A6DC7E7}.Release|Any CPU.ActiveCfg = Release|Any CPU
		{E9FB016C-07AB-433C-BC91-59840A6DC7E7}.Release|Any CPU.Build.0 = Release|Any CPU
		{0AA5B62C-56AF-4A71-B2AD-5A28C0223B27}.Debug|Any CPU.ActiveCfg = Debug|Any CPU
		{0AA5B62C-56AF-4A71-B2AD-5A28C0223B27}.Debug|Any CPU.Build.0 = Debug|Any CPU
		{0AA5B62C-56AF-4A71-B2AD-5A28C0223B27}.Release|Any CPU.ActiveCfg = Release|Any CPU
		{0AA5B62C-56AF-4A71-B2AD-5A28C0223B27}.Release|Any CPU.Build.0 = Release|Any CPU
		{5AB86AC8-440A-4A2D-A426-E5A74EEC7D65}.Debug|Any CPU.ActiveCfg = Debug|Any CPU
		{5AB86AC8-440A-4A2D-A426-E5A74EEC7D65}.Debug|Any CPU.Build.0 = Debug|Any CPU
		{5AB86AC8-440A-4A2D-A426-E5A74EEC7D65}.Release|Any CPU.ActiveCfg = Release|Any CPU
		{5AB86AC8-440A-4A2D-A426-E5A74EEC7D65}.Release|Any CPU.Build.0 = Release|Any CPU
		{7F6AEA65-8FA8-4F80-A4B6-B2BFD48C4AF1}.Debug|Any CPU.ActiveCfg = Debug|Any CPU
		{7F6AEA65-8FA8-4F80-A4B6-B2BFD48C4AF1}.Debug|Any CPU.Build.0 = Debug|Any CPU
		{7F6AEA65-8FA8-4F80-A4B6-B2BFD48C4AF1}.Release|Any CPU.ActiveCfg = Release|Any CPU
		{7F6AEA65-8FA8-4F80-A4B6-B2BFD48C4AF1}.Release|Any CPU.Build.0 = Release|Any CPU
		{45EF563A-37AA-417E-B90B-F4C5F79ECD6C}.Debug|Any CPU.ActiveCfg = Debug|Any CPU
		{45EF563A-37AA-417E-B90B-F4C5F79ECD6C}.Debug|Any CPU.Build.0 = Debug|Any CPU
		{45EF563A-37AA-417E-B90B-F4C5F79ECD6C}.Release|Any CPU.ActiveCfg = Release|Any CPU
		{45EF563A-37AA-417E-B90B-F4C5F79ECD6C}.Release|Any CPU.Build.0 = Release|Any CPU
		{556F12AA-04A5-422C-BE71-2CD674C06CE4}.Debug|Any CPU.ActiveCfg = Debug|Any CPU
		{556F12AA-04A5-422C-BE71-2CD674C06CE4}.Debug|Any CPU.Build.0 = Debug|Any CPU
		{556F12AA-04A5-422C-BE71-2CD674C06CE4}.Release|Any CPU.ActiveCfg = Release|Any CPU
		{556F12AA-04A5-422C-BE71-2CD674C06CE4}.Release|Any CPU.Build.0 = Release|Any CPU
		{BB76245E-8DAF-4735-8A19-4EEC003367AF}.Debug|Any CPU.ActiveCfg = Debug|Any CPU
		{BB76245E-8DAF-4735-8A19-4EEC003367AF}.Debug|Any CPU.Build.0 = Debug|Any CPU
		{BB76245E-8DAF-4735-8A19-4EEC003367AF}.Release|Any CPU.ActiveCfg = Release|Any CPU
		{BB76245E-8DAF-4735-8A19-4EEC003367AF}.Release|Any CPU.Build.0 = Release|Any CPU
	EndGlobalSection
	GlobalSection(SolutionProperties) = preSolution
		HideSolutionNode = FALSE
	EndGlobalSection
	GlobalSection(NestedProjects) = preSolution
		{724AA4EA-F843-4470-965E-4985208B5290} = {4548B9DD-68AB-40A0-93C6-C5566FCD8C00}
		{E6214AFA-8973-4BEF-A87D-9886FE012A44} = {4795EF70-A513-4F8E-A6B1-E70AC5023E4B}
		{4795EF70-A513-4F8E-A6B1-E70AC5023E4B} = {724AA4EA-F843-4470-965E-4985208B5290}
		{53AA7764-70CB-4BEC-8A03-CE729DE70DE2} = {4795EF70-A513-4F8E-A6B1-E70AC5023E4B}
		{8127199A-ADBB-44E7-9F56-9DBD4766F629} = {4795EF70-A513-4F8E-A6B1-E70AC5023E4B}
		{E9FB016C-07AB-433C-BC91-59840A6DC7E7} = {53AA7764-70CB-4BEC-8A03-CE729DE70DE2}
		{0AA5B62C-56AF-4A71-B2AD-5A28C0223B27} = {8127199A-ADBB-44E7-9F56-9DBD4766F629}
		{5AB86AC8-440A-4A2D-A426-E5A74EEC7D65} = {53AA7764-70CB-4BEC-8A03-CE729DE70DE2}
		{7F6AEA65-8FA8-4F80-A4B6-B2BFD48C4AF1} = {53AA7764-70CB-4BEC-8A03-CE729DE70DE2}
		{45EF563A-37AA-417E-B90B-F4C5F79ECD6C} = {53AA7764-70CB-4BEC-8A03-CE729DE70DE2}
		{556F12AA-04A5-422C-BE71-2CD674C06CE4} = {8127199A-ADBB-44E7-9F56-9DBD4766F629}
		{A6814B8B-FBA5-487D-BA1F-8FA5063C4791} = {4795EF70-A513-4F8E-A6B1-E70AC5023E4B}
		{BB76245E-8DAF-4735-8A19-4EEC003367AF} = {A6814B8B-FBA5-487D-BA1F-8FA5063C4791}
	EndGlobalSection
	GlobalSection(ExtensibilityGlobals) = postSolution
		SolutionGuid = {DDC09963-D1D6-41FD-8109-7391429CB4C6}
	EndGlobalSection
EndGlobal
